
Microsoft Visual Studio Solution File, Format Version 12.00
# Visual Studio Version 16
VisualStudioVersion = 16.0.31624.102
MinimumVisualStudioVersion = 10.0.40219.1
Project("{FAE04EC0-301F-11D3-BF4B-00C04F79EFBC}") = "text input", "text input\text input.csproj", "{2EB35F9C-46F4-4919-91DA-96E10C3E0CF9}"
EndProject
Global
	GlobalSection(SolutionConfigurationPlatforms) = preSolution
		Debug|Any CPU = Debug|Any CPU
		Release|Any CPU = Release|Any CPU
	EndGlobalSection
	GlobalSection(ProjectConfigurationPlatforms) = postSolution
		{2EB35F9C-46F4-4919-91DA-96E10C3E0CF9}.Debug|Any CPU.ActiveCfg = Debug|Any CPU
		{2EB35F9C-46F4-4919-91DA-96E10C3E0CF9}.Debug|Any CPU.Build.0 = Debug|Any CPU
		{2EB35F9C-46F4-4919-91DA-96E10C3E0CF9}.Release|Any CPU.ActiveCfg = Release|Any CPU
		{2EB35F9C-46F4-4919-91DA-96E10C3E0CF9}.Release|Any CPU.Build.0 = Release|Any CPU
	EndGlobalSection
	GlobalSection(SolutionProperties) = preSolution
		HideSolutionNode = FALSE
	EndGlobalSection
	GlobalSection(ExtensibilityGlobals) = postSolution
		SolutionGuid = {52FFF147-6864-4662-822E-AA08176185E2}
	EndGlobalSection
EndGlobal
